
Microsoft Visual Studio Solution File, Format Version 12.00
# Visual Studio Version 17
VisualStudioVersion = 17.4.33403.182
MinimumVisualStudioVersion = 10.0.40219.1
Project("{FAE04EC0-301F-11D3-BF4B-00C04F79EFBC}") = "CSEssensialLesson3", "CSEssensialLesson3\CSEssensialLesson3.csproj", "{AA88E3F5-758A-4ED1-BFE2-01D31A0B8493}"
EndProject
Global
	GlobalSection(SolutionConfigurationPlatforms) = preSolution
		Debug|Any CPU = Debug|Any CPU
		Release|Any CPU = Release|Any CPU
	EndGlobalSection
	GlobalSection(ProjectConfigurationPlatforms) = postSolution
		{AA88E3F5-758A-4ED1-BFE2-01D31A0B8493}.Debug|Any CPU.ActiveCfg = Debug|Any CPU
		{AA88E3F5-758A-4ED1-BFE2-01D31A0B8493}.Debug|Any CPU.Build.0 = Debug|Any CPU
		{AA88E3F5-758A-4ED1-BFE2-01D31A0B8493}.Release|Any CPU.ActiveCfg = Release|Any CPU
		{AA88E3F5-758A-4ED1-BFE2-01D31A0B8493}.Release|Any CPU.Build.0 = Release|Any CPU
	EndGlobalSection
	GlobalSection(SolutionProperties) = preSolution
		HideSolutionNode = FALSE
	EndGlobalSection
	GlobalSection(ExtensibilityGlobals) = postSolution
		SolutionGuid = {C83FE5DD-003B-4C30-BD56-3D9D285C0461}
	EndGlobalSection
EndGlobal
